// !$*UTF8*$!
{
	archiveVersion = 1;
	classes = {
	};
	objectVersion = 46;
	objects = {

/* Begin PBXBuildFile section */
		BA5151F11DEDE7ED00978D94 /* CalculatorBrain.swift in Sources */ = {isa = PBXBuildFile; fileRef = BA5151F01DEDE7ED00978D94 /* CalculatorBrain.swift */; };
		BA5855311DE0BEBB00EC530A /* AppDelegate.swift in Sources */ = {isa = PBXBuildFile; fileRef = BA5855301DE0BEBB00EC530A /* AppDelegate.swift */; };
		BA5855331DE0BEBB00EC530A /* ViewController.swift in Sources */ = {isa = PBXBuildFile; fileRef = BA5855321DE0BEBB00EC530A /* ViewController.swift */; };
		BA5855361DE0BEBB00EC530A /* Main.storyboard in Resources */ = {isa = PBXBuildFile; fileRef = BA5855341DE0BEBB00EC530A /* Main.storyboard */; };
		BA5855391DE0BEBB00EC530A /* CalculatorApp.xcdatamodeld in Sources */ = {isa = PBXBuildFile; fileRef = BA5855371DE0BEBB00EC530A /* CalculatorApp.xcdatamodeld */; };
		BA58553B1DE0BEBB00EC530A /* Assets.xcassets in Resources */ = {isa = PBXBuildFile; fileRef = BA58553A1DE0BEBB00EC530A /* Assets.xcassets */; };
		BA58553E1DE0BEBB00EC530A /* LaunchScreen.storyboard in Resources */ = {isa = PBXBuildFile; fileRef = BA58553C1DE0BEBB00EC530A /* LaunchScreen.storyboard */; };
/* End PBXBuildFile section */

/* Begin PBXFileReference section */
		BA5151F01DEDE7ED00978D94 /* CalculatorBrain.swift */ = {isa = PBXFileReference; fileEncoding = 4; lastKnownFileType = sourcecode.swift; path = CalculatorBrain.swift; sourceTree = "<group>"; };
		BA58552D1DE0BEBB00EC530A /* CalculatorApp.app */ = {isa = PBXFileReference; explicitFileType = wrapper.application; includeInIndex = 0; path = CalculatorApp.app; sourceTree = BUILT_PRODUCTS_DIR; };
		BA5855301DE0BEBB00EC530A /* AppDelegate.swift */ = {isa = PBXFileReference; lastKnownFileType = sourcecode.swift; path = AppDelegate.swift; sourceTree = "<group>"; };
		BA5855321DE0BEBB00EC530A /* ViewController.swift */ = {isa = PBXFileReference; lastKnownFileType = sourcecode.swift; path = ViewController.swift; sourceTree = "<group>"; };
		BA5855351DE0BEBB00EC530A /* Base */ = {isa = PBXFileReference; lastKnownFileType = file.storyboard; name = Base; path = Base.lproj/Main.storyboard; sourceTree = "<group>"; };
		BA5855381DE0BEBB00EC530A /* CalculatorApp.xcdatamodel */ = {isa = PBXFileReference; lastKnownFileType = wrapper.xcdatamodel; path = CalculatorApp.xcdatamodel; sourceTree = "<group>"; };
		BA58553A1DE0BEBB00EC530A /* Assets.xcassets */ = {isa = PBXFileReference; lastKnownFileType = folder.assetcatalog; path = Assets.xcassets; sourceTree = "<group>"; };
		BA58553D1DE0BEBB00EC530A /* Base */ = {isa = PBXFileReference; lastKnownFileType = file.storyboard; name = Base; path = Base.lproj/LaunchScreen.storyboard; sourceTree = "<group>"; };
		BA58553F1DE0BEBB00EC530A /* Info.plist */ = {isa = PBXFileReference; lastKnownFileType = text.plist.xml; path = Info.plist; sourceTree = "<group>"; };
/* End PBXFileReference section */

/* Begin PBXFrameworksBuildPhase section */
		BA58552A1DE0BEBB00EC530A /* Frameworks */ = {
			isa = PBXFrameworksBuildPhase;
			buildActionMask = 2147483647;
			files = (
			);
			runOnlyForDeploymentPostprocessing = 0;
		};
/* End PBXFrameworksBuildPhase section */

/* Begin PBXGroup section */
		BA5855241DE0BEBB00EC530A = {
			isa = PBXGroup;
			children = (
				BA58552F1DE0BEBB00EC530A /* CalculatorApp */,
				BA58552E1DE0BEBB00EC530A /* Products */,
			);
			sourceTree = "<group>";
		};
		BA58552E1DE0BEBB00EC530A /* Products */ = {
			isa = PBXGroup;
			children = (
				BA58552D1DE0BEBB00EC530A /* CalculatorApp.app */,
			);
			name = Products;
			sourceTree = "<group>";
		};
		BA58552F1DE0BEBB00EC530A /* CalculatorApp */ = {
			isa = PBXGroup;
			children = (
				BA5855451DE0C02700EC530A /* SupportingFiles */,
				BA5855321DE0BEBB00EC530A /* ViewController.swift */,
				BA5855341DE0BEBB00EC530A /* Main.storyboard */,
				BA5151F01DEDE7ED00978D94 /* CalculatorBrain.swift */,
				BA5855371DE0BEBB00EC530A /* CalculatorApp.xcdatamodeld */,
			);
			path = CalculatorApp;
			sourceTree = "<group>";
		};
		BA5855451DE0C02700EC530A /* SupportingFiles */ = {
			isa = PBXGroup;
			children = (
				BA5855301DE0BEBB00EC530A /* AppDelegate.swift */,
				BA58553A1DE0BEBB00EC530A /* Assets.xcassets */,
				BA58553C1DE0BEBB00EC530A /* LaunchScreen.storyboard */,
				BA58553F1DE0BEBB00EC530A /* Info.plist */,
			);
			name = SupportingFiles;
			sourceTree = "<group>";
		};
/* End PBXGroup section */

/* Begin PBXNativeTarget section */
		BA58552C1DE0BEBB00EC530A /* CalculatorApp */ = {
			isa = PBXNativeTarget;
			buildConfigurationList = BA5855421DE0BEBB00EC530A /* Build configuration list for PBXNativeTarget "CalculatorApp" */;
			buildPhases = (
				BA5855291DE0BEBB00EC530A /* Sources */,
				BA58552A1DE0BEBB00EC530A /* Frameworks */,
				BA58552B1DE0BEBB00EC530A /* Resources */,
			);
			buildRules = (
			);
			dependencies = (
			);
			name = CalculatorApp;
			productName = CalculatorApp;
			productReference = BA58552D1DE0BEBB00EC530A /* CalculatorApp.app */;
			productType = "com.apple.product-type.application";
		};
/* End PBXNativeTarget section */

/* Begin PBXProject section */
		BA5855251DE0BEBB00EC530A /* Project object */ = {
			isa = PBXProject;
			attributes = {
				LastSwiftUpdateCheck = 0810;
				LastUpgradeCheck = 0810;
				ORGANIZATIONNAME = "Blake Robinson";
				TargetAttributes = {
					BA58552C1DE0BEBB00EC530A = {
						CreatedOnToolsVersion = 8.1;
						ProvisioningStyle = Automatic;
					};
				};
			};
			buildConfigurationList = BA5855281DE0BEBB00EC530A /* Build configuration list for PBXProject "CalculatorApp" */;
			compatibilityVersion = "Xcode 3.2";
			developmentRegion = English;
			hasScannedForEncodings = 0;
			knownRegions = (
				en,
				Base,
			);
			mainGroup = BA5855241DE0BEBB00EC530A;
			productRefGroup = BA58552E1DE0BEBB00EC530A /* Products */;
			projectDirPath = "";
			projectRoot = "";
			targets = (
				BA58552C1DE0BEBB00EC530A /* CalculatorApp */,
			);
		};
/* End PBXProject section */

/* Begin PBXResourcesBuildPhase section */
		BA58552B1DE0BEBB00EC530A /* Resources */ = {
			isa = PBXResourcesBuildPhase;
			buildActionMask = 2147483647;
			files = (
				BA58553E1DE0BEBB00EC530A /* LaunchScreen.storyboard in Resources */,
				BA58553B1DE0BEBB00EC530A /* Assets.xcassets in Resources */,
				BA5855361DE0BEBB00EC530A /* Main.storyboard in Resources */,
			);
			runOnlyForDeploymentPostprocessing = 0;
		};
/* End PBXResourcesBuildPhase section */

/* Begin PBXSourcesBuildPhase section */
		BA5855291DE0BEBB00EC530A /* Sources */ = {
			isa = PBXSourcesBuildPhase;
			buildActionMask = 2147483647;
			files = (
				BA5855331DE0BEBB00EC530A /* ViewController.swift in Sources */,
				BA5855391DE0BEBB00EC530A /* CalculatorApp.xcdatamodeld in Sources */,
				BA5151F11DEDE7ED00978D94 /* CalculatorBrain.swift in Sources */,
				BA5855311DE0BEBB00EC530A /* AppDelegate.swift in Sources */,
			);
			runOnlyForDeploymentPostprocessing = 0;
		};
/* End PBXSourcesBuildPhase section */

/* Begin PBXVariantGroup section */
		BA5855341DE0BEBB00EC530A /* Main.storyboard */ = {
			isa = PBXVariantGroup;
			children = (
				BA5855351DE0BEBB00EC530A /* Base */,
			);
			name = Main.storyboard;
			sourceTree = "<group>";
		};
		BA58553C1DE0BEBB00EC530A /* LaunchScreen.storyboard */ = {
			isa = PBXVariantGroup;
			children = (
				BA58553D1DE0BEBB00EC530A /* Base */,
			);
			name = LaunchScreen.storyboard;
			sourceTree = "<group>";
		};
/* End PBXVariantGroup section */

/* Begin XCBuildConfiguration section */
		BA5855401DE0BEBB00EC530A /* Debug */ = {
			isa = XCBuildConfiguration;
			buildSettings = {
				ALWAYS_SEARCH_USER_PATHS = NO;
				CLANG_ANALYZER_NONNULL = YES;
				CLANG_CXX_LANGUAGE_STANDARD = "gnu++0x";
				CLANG_CXX_LIBRARY = "libc++";
				CLANG_ENABLE_MODULES = YES;
				CLANG_ENABLE_OBJC_ARC = YES;
				CLANG_WARN_BOOL_CONVERSION = YES;
				CLANG_WARN_CONSTANT_CONVERSION = YES;
				CLANG_WARN_DIRECT_OBJC_ISA_USAGE = YES_ERROR;
				CLANG_WARN_DOCUMENTATION_COMMENTS = YES;
				CLANG_WARN_EMPTY_BODY = YES;
				CLANG_WARN_ENUM_CONVERSION = YES;
				CLANG_WARN_INFINITE_RECURSION = YES;
				CLANG_WARN_INT_CONVERSION = YES;
				CLANG_WARN_OBJC_ROOT_CLASS = YES_ERROR;
				CLANG_WARN_SUSPICIOUS_MOVES = YES;
				CLANG_WARN_UNREACHABLE_CODE = YES;
				CLANG_WARN__DUPLICATE_METHOD_MATCH = YES;
				"CODE_SIGN_IDENTITY[sdk=iphoneos*]" = "iPhone Developer";
				COPY_PHASE_STRIP = NO;
				DEBUG_INFORMATION_FORMAT = dwarf;
				ENABLE_STRICT_OBJC_MSGSEND = YES;
				ENABLE_TESTABILITY = YES;
				GCC_C_LANGUAGE_STANDARD = gnu99;
				GCC_DYNAMIC_NO_PIC = NO;
				GCC_NO_COMMON_BLOCKS = YES;
				GCC_OPTIMIZATION_LEVEL = 0;
				GCC_PREPROCESSOR_DEFINITIONS = (
					"DEBUG=1",
					"$(inherited)",
				);
				GCC_WARN_64_TO_32_BIT_CONVERSION = YES;
				GCC_WARN_ABOUT_RETURN_TYPE = YES_ERROR;
				GCC_WARN_UNDECLARED_SELECTOR = YES;
				GCC_WARN_UNINITIALIZED_AUTOS = YES_AGGRESSIVE;
				GCC_WARN_UNUSED_FUNCTION = YES;
				GCC_WARN_UNUSED_VARIABLE = YES;
				IPHONEOS_DEPLOYMENT_TARGET = 10.1;
				MTL_ENABLE_DEBUG_INFO = YES;
				ONLY_ACTIVE_ARCH = YES;
				SDKROOT = iphoneos;
				SWIFT_ACTIVE_COMPILATION_CONDITIONS = DEBUG;
				SWIFT_OPTIMIZATION_LEVEL = "-Onone";
				TARGETED_DEVICE_FAMILY = "1,2";
			};
			name = Debug;
		};
		BA5855411DE0BEBB00EC530A /* Release */ = {
			isa = XCBuildConfiguration;
			buildSettings = {
				ALWAYS_SEARCH_USER_PATHS = NO;
				CLANG_ANALYZER_NONNULL = YES;
				CLANG_CXX_LANGUAGE_STANDARD = "gnu++0x";
				CLANG_CXX_LIBRARY = "libc++";
				CLANG_ENABLE_MODULES = YES;
				CLANG_ENABLE_OBJC_ARC = YES;
				CLANG_WARN_BOOL_CONVERSION = YES;
				CLANG_WARN_CONSTANT_CONVERSION = YES;
				CLANG_WARN_DIRECT_OBJC_ISA_USAGE = YES_ERROR;
				CLANG_WARN_DOCUMENTATION_COMMENTS = YES;
				CLANG_WARN_EMPTY_BODY = YES;
				CLANG_WARN_ENUM_CONVERSION = YES;
				CLANG_WARN_INFINITE_RECURSION = YES;
				CLANG_WARN_INT_CONVERSION = YES;
				CLANG_WARN_OBJC_ROOT_CLASS = YES_ERROR;
				CLANG_WARN_SUSPICIOUS_MOVES = YES;
				CLANG_WARN_UNREACHABLE_CODE = YES;
				CLANG_WARN__DUPLICATE_METHOD_MATCH = YES;
				"CODE_SIGN_IDENTITY[sdk=iphoneos*]" = "iPhone Developer";
				COPY_PHASE_STRIP = NO;
				DEBUG_INFORMATION_FORMAT = "dwarf-with-dsym";
				ENABLE_NS_ASSERTIONS = NO;
				ENABLE_STRICT_OBJC_MSGSEND = YES;
				GCC_C_LANGUAGE_STANDARD = gnu99;
				GCC_NO_COMMON_BLOCKS = YES;
				GCC_WARN_64_TO_32_BIT_CONVERSION = YES;
				GCC_WARN_ABOUT_RETURN_TYPE = YES_ERROR;
				GCC_WARN_UNDECLARED_SELECTOR = YES;
				GCC_WARN_UNINITIALIZED_AUTOS = YES_AGGRESSIVE;
				GCC_WARN_UNUSED_FUNCTION = YES;
				GCC_WARN_UNUSED_VARIABLE = YES;
				IPHONEOS_DEPLOYMENT_TARGET = 10.1;
				MTL_ENABLE_DEBUG_INFO = NO;
				SDKROOT = iphoneos;
				SWIFT_OPTIMIZATION_LEVEL = "-Owholemodule";
				TARGETED_DEVICE_FAMILY = "1,2";
				VALIDATE_PRODUCT = YES;
			};
			name = Release;
		};
		BA5855431DE0BEBB00EC530A /* Debug */ = {
			isa = XCBuildConfiguration;
			buildSettings = {
				ASSETCATALOG_COMPILER_APPICON_NAME = AppIcon;
				INFOPLIST_FILE = CalculatorApp/Info.plist;
				LD_RUNPATH_SEARCH_PATHS = "$(inherited) @executable_path/Frameworks";
				PRODUCT_BUNDLE_IDENTIFIER = blakeRobinson.CalculatorApp;
				PRODUCT_NAME = "$(TARGET_NAME)";
				SWIFT_VERSION = 3.0;
			};
			name = Debug;
		};
		BA5855441DE0BEBB00EC530A /* Release */ = {
			isa = XCBuildConfiguration;
			buildSettings = {
				ASSETCATALOG_COMPILER_APPICON_NAME = AppIcon;
				INFOPLIST_FILE = CalculatorApp/Info.plist;
				LD_RUNPATH_SEARCH_PATHS = "$(inherited) @executable_path/Frameworks";
				PRODUCT_BUNDLE_IDENTIFIER = blakeRobinson.CalculatorApp;
				PRODUCT_NAME = "$(TARGET_NAME)";
				SWIFT_VERSION = 3.0;
			};
			name = Release;
		};
/* End XCBuildConfiguration section */

/* Begin XCConfigurationList section */
		BA5855281DE0BEBB00EC530A /* Build configuration list for PBXProject "CalculatorApp" */ = {
			isa = XCConfigurationList;
			buildConfigurations = (
				BA5855401DE0BEBB00EC530A /* Debug */,
				BA5855411DE0BEBB00EC530A /* Release */,
			);
			defaultConfigurationIsVisible = 0;
			defaultConfigurationName = Release;
		};
		BA5855421DE0BEBB00EC530A /* Build configuration list for PBXNativeTarget "CalculatorApp" */ = {
			isa = XCConfigurationList;
			buildConfigurations = (
				BA5855431DE0BEBB00EC530A /* Debug */,
				BA5855441DE0BEBB00EC530A /* Release */,
			);
			defaultConfigurationIsVisible = 0;
			defaultConfigurationName = Release;
		};
/* End XCConfigurationList section */

/* Begin XCVersionGroup section */
		BA5855371DE0BEBB00EC530A /* CalculatorApp.xcdatamodeld */ = {
			isa = XCVersionGroup;
			children = (
				BA5855381DE0BEBB00EC530A /* CalculatorApp.xcdatamodel */,
			);
			currentVersion = BA5855381DE0BEBB00EC530A /* CalculatorApp.xcdatamodel */;
			path = CalculatorApp.xcdatamodeld;
			sourceTree = "<group>";
			versionGroupType = wrapper.xcdatamodel;
		};
/* End XCVersionGroup section */
	};
	rootObject = BA5855251DE0BEBB00EC530A /* Project object */;
}
